
Microsoft Visual Studio Solution File, Format Version 12.00
# Visual Studio Version 16
VisualStudioVersion = 16.0.32929.386
MinimumVisualStudioVersion = 10.0.40219.1
Project("{FAE04EC0-301F-11D3-BF4B-00C04F79EFBC}") = "LazyRename", "LazyRename.csproj", "{C58B8B17-E5A7-43E3-B490-F70D92014DF2}"
EndProject
Global
	GlobalSection(SolutionConfigurationPlatforms) = preSolution
		Debug|Any CPU = Debug|Any CPU
		Release|Any CPU = Release|Any CPU
	EndGlobalSection
	GlobalSection(ProjectConfigurationPlatforms) = postSolution
		{C58B8B17-E5A7-43E3-B490-F70D92014DF2}.Debug|Any CPU.ActiveCfg = Debug|Any CPU
		{C58B8B17-E5A7-43E3-B490-F70D92014DF2}.Debug|Any CPU.Build.0 = Debug|Any CPU
		{C58B8B17-E5A7-43E3-B490-F70D92014DF2}.Release|Any CPU.ActiveCfg = Release|Any CPU
		{C58B8B17-E5A7-43E3-B490-F70D92014DF2}.Release|Any CPU.Build.0 = Release|Any CPU
	EndGlobalSection
	GlobalSection(SolutionProperties) = preSolution
		HideSolutionNode = FALSE
	EndGlobalSection
	GlobalSection(ExtensibilityGlobals) = postSolution
		SolutionGuid = {2A7BB262-ADCC-4ECC-A99F-7851618BB04A}
	EndGlobalSection
EndGlobal
